// !$*UTF8*$!
{
	archiveVersion = 1;
	classes = {
	};
	objectVersion = 56;
	objects = {

/* Begin PBXBuildFile section */
		254990EB2AD9080C00FF0F97 /* AppDelegate.swift in Sources */ = {isa = PBXBuildFile; fileRef = 254990EA2AD9080C00FF0F97 /* AppDelegate.swift */; };
		254990EF2AD9080C00FF0F97 /* SplashViewController.swift in Sources */ = {isa = PBXBuildFile; fileRef = 254990EE2AD9080C00FF0F97 /* SplashViewController.swift */; };
		254990F42AD9080D00FF0F97 /* Assets.xcassets in Resources */ = {isa = PBXBuildFile; fileRef = 254990F32AD9080D00FF0F97 /* Assets.xcassets */; };
		254991002AD9163700FF0F97 /* Lottie in Frameworks */ = {isa = PBXBuildFile; productRef = 254990FF2AD9163700FF0F97 /* Lottie */; };
		254991042AD91CCD00FF0F97 /* alchera.json in Resources */ = {isa = PBXBuildFile; fileRef = 254991032AD91CCD00FF0F97 /* alchera.json */; };
		8BA532962ADB7F9400621F90 /* CameraViewController.swift in Sources */ = {isa = PBXBuildFile; fileRef = 8BA532952ADB7F9400621F90 /* CameraViewController.swift */; };
		8BA5329C2ADBB74300621F90 /* CameraViewController.storyboard in Resources */ = {isa = PBXBuildFile; fileRef = 8BA5329B2ADBB74300621F90 /* CameraViewController.storyboard */; };
		8BA5329F2ADBDFCB00621F90 /* MessageKit in Frameworks */ = {isa = PBXBuildFile; productRef = 8BA5329E2ADBDFCB00621F90 /* MessageKit */; };
		8BA532A22ADBE02D00621F90 /* ChatGPTSwift in Frameworks */ = {isa = PBXBuildFile; productRef = 8BA532A12ADBE02D00621F90 /* ChatGPTSwift */; };
		8BA532A52ADBE07100621F90 /* ChatGPTViewController.swift in Sources */ = {isa = PBXBuildFile; fileRef = 8BA532A42ADBE07100621F90 /* ChatGPTViewController.swift */; };
		8BA532A72ADBE1AF00621F90 /* Message.swift in Sources */ = {isa = PBXBuildFile; fileRef = 8BA532A62ADBE1AF00621F90 /* Message.swift */; };
		8BA532A92ADBE2EE00621F90 /* Channel.swift in Sources */ = {isa = PBXBuildFile; fileRef = 8BA532A82ADBE2EE00621F90 /* Channel.swift */; };
		8BA532AC2ADBF11A00621F90 /* WebKit.framework in Frameworks */ = {isa = PBXBuildFile; fileRef = 8BA532AB2ADBF11A00621F90 /* WebKit.framework */; };
		8BA532AF2ADBF13C00621F90 /* AlcheraWebView.swift in Sources */ = {isa = PBXBuildFile; fileRef = 8BA532AE2ADBF13C00621F90 /* AlcheraWebView.swift */; };
		8BFD642E2AD975590047CB92 /* spinswift.json in Resources */ = {isa = PBXBuildFile; fileRef = 8BFD642D2AD975590047CB92 /* spinswift.json */; };
		8BFD64302AD976A80047CB92 /* MainViewController.swift in Sources */ = {isa = PBXBuildFile; fileRef = 8BFD642F2AD976A80047CB92 /* MainViewController.swift */; };
		8BFD64332AD981210047CB92 /* SnapKit in Frameworks */ = {isa = PBXBuildFile; productRef = 8BFD64322AD981210047CB92 /* SnapKit */; };
/* End PBXBuildFile section */

/* Begin PBXFileReference section */
		254990E72AD9080C00FF0F97 /* Alchera.app */ = {isa = PBXFileReference; explicitFileType = wrapper.application; includeInIndex = 0; path = Alchera.app; sourceTree = BUILT_PRODUCTS_DIR; };
		254990EA2AD9080C00FF0F97 /* AppDelegate.swift */ = {isa = PBXFileReference; lastKnownFileType = sourcecode.swift; path = AppDelegate.swift; sourceTree = "<group>"; };
		254990EE2AD9080C00FF0F97 /* SplashViewController.swift */ = {isa = PBXFileReference; lastKnownFileType = sourcecode.swift; path = SplashViewController.swift; sourceTree = "<group>"; };
		254990F32AD9080D00FF0F97 /* Assets.xcassets */ = {isa = PBXFileReference; lastKnownFileType = folder.assetcatalog; path = Assets.xcassets; sourceTree = "<group>"; };
		254990F82AD9080D00FF0F97 /* Info.plist */ = {isa = PBXFileReference; lastKnownFileType = text.plist.xml; path = Info.plist; sourceTree = "<group>"; };
		254991032AD91CCD00FF0F97 /* alchera.json */ = {isa = PBXFileReference; fileEncoding = 4; lastKnownFileType = text.json; path = alchera.json; sourceTree = "<group>"; };
		8BA532952ADB7F9400621F90 /* CameraViewController.swift */ = {isa = PBXFileReference; lastKnownFileType = sourcecode.swift; path = CameraViewController.swift; sourceTree = "<group>"; };
		8BA5329B2ADBB74300621F90 /* CameraViewController.storyboard */ = {isa = PBXFileReference; lastKnownFileType = file.storyboard; path = CameraViewController.storyboard; sourceTree = "<group>"; };
		8BA532A42ADBE07100621F90 /* ChatGPTViewController.swift */ = {isa = PBXFileReference; lastKnownFileType = sourcecode.swift; path = ChatGPTViewController.swift; sourceTree = "<group>"; };
		8BA532A62ADBE1AF00621F90 /* Message.swift */ = {isa = PBXFileReference; lastKnownFileType = sourcecode.swift; path = Message.swift; sourceTree = "<group>"; };
		8BA532A82ADBE2EE00621F90 /* Channel.swift */ = {isa = PBXFileReference; lastKnownFileType = sourcecode.swift; path = Channel.swift; sourceTree = "<group>"; };
		8BA532AB2ADBF11A00621F90 /* WebKit.framework */ = {isa = PBXFileReference; lastKnownFileType = wrapper.framework; name = WebKit.framework; path = System/Library/Frameworks/WebKit.framework; sourceTree = SDKROOT; };
		8BA532AE2ADBF13C00621F90 /* AlcheraWebView.swift */ = {isa = PBXFileReference; lastKnownFileType = sourcecode.swift; path = AlcheraWebView.swift; sourceTree = "<group>"; };
		8BFD642D2AD975590047CB92 /* spinswift.json */ = {isa = PBXFileReference; fileEncoding = 4; lastKnownFileType = text.json; path = spinswift.json; sourceTree = "<group>"; };
		8BFD642F2AD976A80047CB92 /* MainViewController.swift */ = {isa = PBXFileReference; lastKnownFileType = sourcecode.swift; path = MainViewController.swift; sourceTree = "<group>"; };
/* End PBXFileReference section */

/* Begin PBXFrameworksBuildPhase section */
		254990E42AD9080C00FF0F97 /* Frameworks */ = {
			isa = PBXFrameworksBuildPhase;
			buildActionMask = 2147483647;
			files = (
				8BA532AC2ADBF11A00621F90 /* WebKit.framework in Frameworks */,
				8BA532A22ADBE02D00621F90 /* ChatGPTSwift in Frameworks */,
				8BA5329F2ADBDFCB00621F90 /* MessageKit in Frameworks */,
				254991002AD9163700FF0F97 /* Lottie in Frameworks */,
				8BFD64332AD981210047CB92 /* SnapKit in Frameworks */,
			);
			runOnlyForDeploymentPostprocessing = 0;
		};
/* End PBXFrameworksBuildPhase section */

/* Begin PBXGroup section */
		254990DE2AD9080C00FF0F97 = {
			isa = PBXGroup;
			children = (
				254990E92AD9080C00FF0F97 /* Alchera */,
				254990E82AD9080C00FF0F97 /* Products */,
				8BA532AA2ADBF11A00621F90 /* Frameworks */,
			);
			sourceTree = "<group>";
		};
		254990E82AD9080C00FF0F97 /* Products */ = {
			isa = PBXGroup;
			children = (
				254990E72AD9080C00FF0F97 /* Alchera.app */,
			);
			name = Products;
			sourceTree = "<group>";
		};
		254990E92AD9080C00FF0F97 /* Alchera */ = {
			isa = PBXGroup;
			children = (
				8BA532AD2ADBF12D00621F90 /* Web */,
				8BA532922ADB7F5E00621F90 /* Camera */,
				8BA532A32ADBE05E00621F90 /* ChatGPT */,
				254990EA2AD9080C00FF0F97 /* AppDelegate.swift */,
				254990EE2AD9080C00FF0F97 /* SplashViewController.swift */,
				8BFD642F2AD976A80047CB92 /* MainViewController.swift */,
				254990F32AD9080D00FF0F97 /* Assets.xcassets */,
				254990F82AD9080D00FF0F97 /* Info.plist */,
				254991032AD91CCD00FF0F97 /* alchera.json */,
				8BFD642D2AD975590047CB92 /* spinswift.json */,
			);
			path = Alchera;
			sourceTree = "<group>";
		};
		8BA532922ADB7F5E00621F90 /* Camera */ = {
			isa = PBXGroup;
			children = (
				8BA532952ADB7F9400621F90 /* CameraViewController.swift */,
				8BA5329B2ADBB74300621F90 /* CameraViewController.storyboard */,
			);
			path = Camera;
			sourceTree = "<group>";
		};
		8BA532A32ADBE05E00621F90 /* ChatGPT */ = {
			isa = PBXGroup;
			children = (
				8BA532A42ADBE07100621F90 /* ChatGPTViewController.swift */,
				8BA532A62ADBE1AF00621F90 /* Message.swift */,
				8BA532A82ADBE2EE00621F90 /* Channel.swift */,
			);
			path = ChatGPT;
			sourceTree = "<group>";
		};
		8BA532AA2ADBF11A00621F90 /* Frameworks */ = {
			isa = PBXGroup;
			children = (
				8BA532AB2ADBF11A00621F90 /* WebKit.framework */,
			);
			name = Frameworks;
			sourceTree = "<group>";
		};
		8BA532AD2ADBF12D00621F90 /* Web */ = {
			isa = PBXGroup;
			children = (
				8BA532AE2ADBF13C00621F90 /* AlcheraWebView.swift */,
			);
			path = Web;
			sourceTree = "<group>";
		};
/* End PBXGroup section */

/* Begin PBXNativeTarget section */
		254990E62AD9080C00FF0F97 /* Alchera */ = {
			isa = PBXNativeTarget;
			buildConfigurationList = 254990FB2AD9080D00FF0F97 /* Build configuration list for PBXNativeTarget "Alchera" */;
			buildPhases = (
				254990E32AD9080C00FF0F97 /* Sources */,
				254990E42AD9080C00FF0F97 /* Frameworks */,
				254990E52AD9080C00FF0F97 /* Resources */,
			);
			buildRules = (
			);
			dependencies = (
			);
			name = Alchera;
			packageProductDependencies = (
				254990FF2AD9163700FF0F97 /* Lottie */,
				8BFD64322AD981210047CB92 /* SnapKit */,
				8BA5329E2ADBDFCB00621F90 /* MessageKit */,
				8BA532A12ADBE02D00621F90 /* ChatGPTSwift */,
			);
			productName = Alchera;
			productReference = 254990E72AD9080C00FF0F97 /* Alchera.app */;
			productType = "com.apple.product-type.application";
		};
/* End PBXNativeTarget section */

/* Begin PBXProject section */
		254990DF2AD9080C00FF0F97 /* Project object */ = {
			isa = PBXProject;
			attributes = {
				BuildIndependentTargetsInParallel = 1;
				LastSwiftUpdateCheck = 1500;
				LastUpgradeCheck = 1500;
				TargetAttributes = {
					254990E62AD9080C00FF0F97 = {
						CreatedOnToolsVersion = 15.0;
					};
				};
			};
			buildConfigurationList = 254990E22AD9080C00FF0F97 /* Build configuration list for PBXProject "Alchera" */;
			compatibilityVersion = "Xcode 14.0";
			developmentRegion = en;
			hasScannedForEncodings = 0;
			knownRegions = (
				en,
				Base,
			);
			mainGroup = 254990DE2AD9080C00FF0F97;
			packageReferences = (
				254990FE2AD9163700FF0F97 /* XCRemoteSwiftPackageReference "lottie-spm" */,
				8BFD64312AD981210047CB92 /* XCRemoteSwiftPackageReference "SnapKit" */,
				8BA5329D2ADBDFCB00621F90 /* XCRemoteSwiftPackageReference "MessageKit" */,
				8BA532A02ADBE02C00621F90 /* XCRemoteSwiftPackageReference "ChatGPTSwift" */,
			);
			productRefGroup = 254990E82AD9080C00FF0F97 /* Products */;
			projectDirPath = "";
			projectRoot = "";
			targets = (
				254990E62AD9080C00FF0F97 /* Alchera */,
			);
		};
/* End PBXProject section */

/* Begin PBXResourcesBuildPhase section */
		254990E52AD9080C00FF0F97 /* Resources */ = {
			isa = PBXResourcesBuildPhase;
			buildActionMask = 2147483647;
			files = (
				254991042AD91CCD00FF0F97 /* alchera.json in Resources */,
				8BFD642E2AD975590047CB92 /* spinswift.json in Resources */,
				8BA5329C2ADBB74300621F90 /* CameraViewController.storyboard in Resources */,
				254990F42AD9080D00FF0F97 /* Assets.xcassets in Resources */,
			);
			runOnlyForDeploymentPostprocessing = 0;
		};
/* End PBXResourcesBuildPhase section */

/* Begin PBXSourcesBuildPhase section */
		254990E32AD9080C00FF0F97 /* Sources */ = {
			isa = PBXSourcesBuildPhase;
			buildActionMask = 2147483647;
			files = (
				8BA532AF2ADBF13C00621F90 /* AlcheraWebView.swift in Sources */,
				8BA532A92ADBE2EE00621F90 /* Channel.swift in Sources */,
				8BFD64302AD976A80047CB92 /* MainViewController.swift in Sources */,
				254990EF2AD9080C00FF0F97 /* SplashViewController.swift in Sources */,
				8BA532A52ADBE07100621F90 /* ChatGPTViewController.swift in Sources */,
				8BA532A72ADBE1AF00621F90 /* Message.swift in Sources */,
				254990EB2AD9080C00FF0F97 /* AppDelegate.swift in Sources */,
				8BA532962ADB7F9400621F90 /* CameraViewController.swift in Sources */,
			);
			runOnlyForDeploymentPostprocessing = 0;
		};
/* End PBXSourcesBuildPhase section */

/* Begin XCBuildConfiguration section */
		254990F92AD9080D00FF0F97 /* Debug */ = {
			isa = XCBuildConfiguration;
			buildSettings = {
				ALWAYS_SEARCH_USER_PATHS = NO;
				ASSETCATALOG_COMPILER_GENERATE_SWIFT_ASSET_SYMBOL_EXTENSIONS = YES;
				CLANG_ANALYZER_NONNULL = YES;
				CLANG_ANALYZER_NUMBER_OBJECT_CONVERSION = YES_AGGRESSIVE;
				CLANG_CXX_LANGUAGE_STANDARD = "gnu++20";
				CLANG_ENABLE_MODULES = YES;
				CLANG_ENABLE_OBJC_ARC = YES;
				CLANG_ENABLE_OBJC_WEAK = YES;
				CLANG_WARN_BLOCK_CAPTURE_AUTORELEASING = YES;
				CLANG_WARN_BOOL_CONVERSION = YES;
				CLANG_WARN_COMMA = YES;
				CLANG_WARN_CONSTANT_CONVERSION = YES;
				CLANG_WARN_DEPRECATED_OBJC_IMPLEMENTATIONS = YES;
				CLANG_WARN_DIRECT_OBJC_ISA_USAGE = YES_ERROR;
				CLANG_WARN_DOCUMENTATION_COMMENTS = YES;
				CLANG_WARN_EMPTY_BODY = YES;
				CLANG_WARN_ENUM_CONVERSION = YES;
				CLANG_WARN_INFINITE_RECURSION = YES;
				CLANG_WARN_INT_CONVERSION = YES;
				CLANG_WARN_NON_LITERAL_NULL_CONVERSION = YES;
				CLANG_WARN_OBJC_IMPLICIT_RETAIN_SELF = YES;
				CLANG_WARN_OBJC_LITERAL_CONVERSION = YES;
				CLANG_WARN_OBJC_ROOT_CLASS = YES_ERROR;
				CLANG_WARN_QUOTED_INCLUDE_IN_FRAMEWORK_HEADER = YES;
				CLANG_WARN_RANGE_LOOP_ANALYSIS = YES;
				CLANG_WARN_STRICT_PROTOTYPES = YES;
				CLANG_WARN_SUSPICIOUS_MOVE = YES;
				CLANG_WARN_UNGUARDED_AVAILABILITY = YES_AGGRESSIVE;
				CLANG_WARN_UNREACHABLE_CODE = YES;
				CLANG_WARN__DUPLICATE_METHOD_MATCH = YES;
				COPY_PHASE_STRIP = NO;
				DEBUG_INFORMATION_FORMAT = dwarf;
				ENABLE_STRICT_OBJC_MSGSEND = YES;
				ENABLE_TESTABILITY = YES;
				ENABLE_USER_SCRIPT_SANDBOXING = YES;
				GCC_C_LANGUAGE_STANDARD = gnu17;
				GCC_DYNAMIC_NO_PIC = NO;
				GCC_NO_COMMON_BLOCKS = YES;
				GCC_OPTIMIZATION_LEVEL = 0;
				GCC_PREPROCESSOR_DEFINITIONS = (
					"DEBUG=1",
					"$(inherited)",
				);
				GCC_WARN_64_TO_32_BIT_CONVERSION = YES;
				GCC_WARN_ABOUT_RETURN_TYPE = YES_ERROR;
				GCC_WARN_UNDECLARED_SELECTOR = YES;
				GCC_WARN_UNINITIALIZED_AUTOS = YES_AGGRESSIVE;
				GCC_WARN_UNUSED_FUNCTION = YES;
				GCC_WARN_UNUSED_VARIABLE = YES;
				IPHONEOS_DEPLOYMENT_TARGET = 17.0;
				LOCALIZATION_PREFERS_STRING_CATALOGS = YES;
				MTL_ENABLE_DEBUG_INFO = INCLUDE_SOURCE;
				MTL_FAST_MATH = YES;
				ONLY_ACTIVE_ARCH = YES;
				SDKROOT = iphoneos;
				SWIFT_ACTIVE_COMPILATION_CONDITIONS = "DEBUG $(inherited)";
				SWIFT_OPTIMIZATION_LEVEL = "-Onone";
			};
			name = Debug;
		};
		254990FA2AD9080D00FF0F97 /* Release */ = {
			isa = XCBuildConfiguration;
			buildSettings = {
				ALWAYS_SEARCH_USER_PATHS = NO;
				ASSETCATALOG_COMPILER_GENERATE_SWIFT_ASSET_SYMBOL_EXTENSIONS = YES;
				CLANG_ANALYZER_NONNULL = YES;
				CLANG_ANALYZER_NUMBER_OBJECT_CONVERSION = YES_AGGRESSIVE;
				CLANG_CXX_LANGUAGE_STANDARD = "gnu++20";
				CLANG_ENABLE_MODULES = YES;
				CLANG_ENABLE_OBJC_ARC = YES;
				CLANG_ENABLE_OBJC_WEAK = YES;
				CLANG_WARN_BLOCK_CAPTURE_AUTORELEASING = YES;
				CLANG_WARN_BOOL_CONVERSION = YES;
				CLANG_WARN_COMMA = YES;
				CLANG_WARN_CONSTANT_CONVERSION = YES;
				CLANG_WARN_DEPRECATED_OBJC_IMPLEMENTATIONS = YES;
				CLANG_WARN_DIRECT_OBJC_ISA_USAGE = YES_ERROR;
				CLANG_WARN_DOCUMENTATION_COMMENTS = YES;
				CLANG_WARN_EMPTY_BODY = YES;
				CLANG_WARN_ENUM_CONVERSION = YES;
				CLANG_WARN_INFINITE_RECURSION = YES;
				CLANG_WARN_INT_CONVERSION = YES;
				CLANG_WARN_NON_LITERAL_NULL_CONVERSION = YES;
				CLANG_WARN_OBJC_IMPLICIT_RETAIN_SELF = YES;
				CLANG_WARN_OBJC_LITERAL_CONVERSION = YES;
				CLANG_WARN_OBJC_ROOT_CLASS = YES_ERROR;
				CLANG_WARN_QUOTED_INCLUDE_IN_FRAMEWORK_HEADER = YES;
				CLANG_WARN_RANGE_LOOP_ANALYSIS = YES;
				CLANG_WARN_STRICT_PROTOTYPES = YES;
				CLANG_WARN_SUSPICIOUS_MOVE = YES;
				CLANG_WARN_UNGUARDED_AVAILABILITY = YES_AGGRESSIVE;
				CLANG_WARN_UNREACHABLE_CODE = YES;
				CLANG_WARN__DUPLICATE_METHOD_MATCH = YES;
				COPY_PHASE_STRIP = NO;
				DEBUG_INFORMATION_FORMAT = "dwarf-with-dsym";
				ENABLE_NS_ASSERTIONS = NO;
				ENABLE_STRICT_OBJC_MSGSEND = YES;
				ENABLE_USER_SCRIPT_SANDBOXING = YES;
				GCC_C_LANGUAGE_STANDARD = gnu17;
				GCC_NO_COMMON_BLOCKS = YES;
				GCC_WARN_64_TO_32_BIT_CONVERSION = YES;
				GCC_WARN_ABOUT_RETURN_TYPE = YES_ERROR;
				GCC_WARN_UNDECLARED_SELECTOR = YES;
				GCC_WARN_UNINITIALIZED_AUTOS = YES_AGGRESSIVE;
				GCC_WARN_UNUSED_FUNCTION = YES;
				GCC_WARN_UNUSED_VARIABLE = YES;
				IPHONEOS_DEPLOYMENT_TARGET = 17.0;
				LOCALIZATION_PREFERS_STRING_CATALOGS = YES;
				MTL_ENABLE_DEBUG_INFO = NO;
				MTL_FAST_MATH = YES;
				SDKROOT = iphoneos;
				SWIFT_COMPILATION_MODE = wholemodule;
				VALIDATE_PRODUCT = YES;
			};
			name = Release;
		};
		254990FC2AD9080D00FF0F97 /* Debug */ = {
			isa = XCBuildConfiguration;
			buildSettings = {
				ASSETCATALOG_COMPILER_APPICON_NAME = AppIcon;
				ASSETCATALOG_COMPILER_GLOBAL_ACCENT_COLOR_NAME = AccentColor;
				CODE_SIGN_STYLE = Automatic;
				CURRENT_PROJECT_VERSION = 1;
				DEVELOPMENT_TEAM = 9US832H3NT;
				GENERATE_INFOPLIST_FILE = YES;
				INFOPLIST_FILE = Alchera/Info.plist;
				INFOPLIST_KEY_UIApplicationSupportsIndirectInputEvents = YES;
				INFOPLIST_KEY_UILaunchStoryboardName = LaunchScreen;
				INFOPLIST_KEY_UISupportedInterfaceOrientations_iPad = "UIInterfaceOrientationPortrait UIInterfaceOrientationPortraitUpsideDown UIInterfaceOrientationLandscapeLeft UIInterfaceOrientationLandscapeRight";
				INFOPLIST_KEY_UISupportedInterfaceOrientations_iPhone = "UIInterfaceOrientationPortrait UIInterfaceOrientationLandscapeLeft UIInterfaceOrientationLandscapeRight";
				LD_RUNPATH_SEARCH_PATHS = (
					"$(inherited)",
					"@executable_path/Frameworks",
				);
				MARKETING_VERSION = 1.0;
				PRODUCT_BUNDLE_IDENTIFIER = com.raonsecure.Alchera;
				PRODUCT_NAME = "$(TARGET_NAME)";
				SWIFT_EMIT_LOC_STRINGS = YES;
				SWIFT_VERSION = 5.0;
				TARGETED_DEVICE_FAMILY = "1,2";
			};
			name = Debug;
		};
		254990FD2AD9080D00FF0F97 /* Release */ = {
			isa = XCBuildConfiguration;
			buildSettings = {
				ASSETCATALOG_COMPILER_APPICON_NAME = AppIcon;
				ASSETCATALOG_COMPILER_GLOBAL_ACCENT_COLOR_NAME = AccentColor;
				CODE_SIGN_STYLE = Automatic;
				CURRENT_PROJECT_VERSION = 1;
				DEVELOPMENT_TEAM = 9US832H3NT;
				GENERATE_INFOPLIST_FILE = YES;
				INFOPLIST_FILE = Alchera/Info.plist;
				INFOPLIST_KEY_UIApplicationSupportsIndirectInputEvents = YES;
				INFOPLIST_KEY_UILaunchStoryboardName = LaunchScreen;
				INFOPLIST_KEY_UISupportedInterfaceOrientations_iPad = "UIInterfaceOrientationPortrait UIInterfaceOrientationPortraitUpsideDown UIInterfaceOrientationLandscapeLeft UIInterfaceOrientationLandscapeRight";
				INFOPLIST_KEY_UISupportedInterfaceOrientations_iPhone = "UIInterfaceOrientationPortrait UIInterfaceOrientationLandscapeLeft UIInterfaceOrientationLandscapeRight";
				LD_RUNPATH_SEARCH_PATHS = (
					"$(inherited)",
					"@executable_path/Frameworks",
				);
				MARKETING_VERSION = 1.0;
				PRODUCT_BUNDLE_IDENTIFIER = com.raonsecure.Alchera;
				PRODUCT_NAME = "$(TARGET_NAME)";
				SWIFT_EMIT_LOC_STRINGS = YES;
				SWIFT_VERSION = 5.0;
				TARGETED_DEVICE_FAMILY = "1,2";
			};
			name = Release;
		};
/* End XCBuildConfiguration section */

/* Begin XCConfigurationList section */
		254990E22AD9080C00FF0F97 /* Build configuration list for PBXProject "Alchera" */ = {
			isa = XCConfigurationList;
			buildConfigurations = (
				254990F92AD9080D00FF0F97 /* Debug */,
				254990FA2AD9080D00FF0F97 /* Release */,
			);
			defaultConfigurationIsVisible = 0;
			defaultConfigurationName = Release;
		};
		254990FB2AD9080D00FF0F97 /* Build configuration list for PBXNativeTarget "Alchera" */ = {
			isa = XCConfigurationList;
			buildConfigurations = (
				254990FC2AD9080D00FF0F97 /* Debug */,
				254990FD2AD9080D00FF0F97 /* Release */,
			);
			defaultConfigurationIsVisible = 0;
			defaultConfigurationName = Release;
		};
/* End XCConfigurationList section */

/* Begin XCRemoteSwiftPackageReference section */
		254990FE2AD9163700FF0F97 /* XCRemoteSwiftPackageReference "lottie-spm" */ = {
			isa = XCRemoteSwiftPackageReference;
			repositoryURL = "https://github.com/airbnb/lottie-spm.git";
			requirement = {
				kind = upToNextMajorVersion;
				minimumVersion = 4.3.3;
			};
		};
		8BA5329D2ADBDFCB00621F90 /* XCRemoteSwiftPackageReference "MessageKit" */ = {
			isa = XCRemoteSwiftPackageReference;
			repositoryURL = "https://github.com/MessageKit/MessageKit";
			requirement = {
				kind = upToNextMajorVersion;
				minimumVersion = 4.2.0;
			};
		};
		8BA532A02ADBE02C00621F90 /* XCRemoteSwiftPackageReference "ChatGPTSwift" */ = {
			isa = XCRemoteSwiftPackageReference;
			repositoryURL = "https://github.com/alfianlosari/ChatGPTSwift.git";
			requirement = {
				kind = upToNextMajorVersion;
				minimumVersion = 1.4.0;
			};
		};
		8BFD64312AD981210047CB92 /* XCRemoteSwiftPackageReference "SnapKit" */ = {
			isa = XCRemoteSwiftPackageReference;
			repositoryURL = "https://github.com/SnapKit/SnapKit.git";
			requirement = {
				kind = upToNextMajorVersion;
				minimumVersion = 5.0.0;
			};
		};
/* End XCRemoteSwiftPackageReference section */

/* Begin XCSwiftPackageProductDependency section */
		254990FF2AD9163700FF0F97 /* Lottie */ = {
			isa = XCSwiftPackageProductDependency;
			package = 254990FE2AD9163700FF0F97 /* XCRemoteSwiftPackageReference "lottie-spm" */;
			productName = Lottie;
		};
		8BA5329E2ADBDFCB00621F90 /* MessageKit */ = {
			isa = XCSwiftPackageProductDependency;
			package = 8BA5329D2ADBDFCB00621F90 /* XCRemoteSwiftPackageReference "MessageKit" */;
			productName = MessageKit;
		};
		8BA532A12ADBE02D00621F90 /* ChatGPTSwift */ = {
			isa = XCSwiftPackageProductDependency;
			package = 8BA532A02ADBE02C00621F90 /* XCRemoteSwiftPackageReference "ChatGPTSwift" */;
			productName = ChatGPTSwift;
		};
		8BFD64322AD981210047CB92 /* SnapKit */ = {
			isa = XCSwiftPackageProductDependency;
			package = 8BFD64312AD981210047CB92 /* XCRemoteSwiftPackageReference "SnapKit" */;
			productName = SnapKit;
		};
/* End XCSwiftPackageProductDependency section */
	};
	rootObject = 254990DF2AD9080C00FF0F97 /* Project object */;
}
